{
  "name": "devdb",
  "version": "1.0.0",
  "lockfileVersion": 3,
  "requires": true,
  "packages": {
    "": {
      "name": "devdb",
      "version": "1.0.0",
      "license": "ISC",
      "dependencies": {
        "embedded-postgres": "^18.4.0-beta.17"
      }
    },
    "node_modules/@embedded-postgres/darwin-arm64": {
      "version": "18.4.0-beta.17",
      "resolved": "https://registry.npmjs.org/@embedded-postgres/darwin-arm64/-/darwin-arm64-18.4.0-beta.17.tgz",
      "integrity": "sha512-Kg1ZMNFzkVIJs3g4V2UYEc5X005km9rGinxFBH8R1sOU2Rblvz4pt2Uf93Pu8Rk273Ue9HIdrbMPpgUqwjUi0Q==",
      "cpu": [
        "arm64"
      ],
      "hasInstallScript": true,
      "license": "MIT",
      "optional": true,
      "os": [
        "darwin"
      ],
      "engines": {
        "node": ">=16"
      }
    },
    "node_modules/@embedded-postgres/darwin-x64": {
      "version": "18.4.0-beta.17",
      "resolved": "https://registry.npmjs.org/@embedded-postgres/darwin-x64/-/darwin-x64-18.4.0-beta.17.tgz",
      "integrity": "sha512-4tShSYWMxUQTSWoQAdLnHISvRj6L9gTch9/31ASJPg6wgyN64LDRwMcOINEWybM7N0ropJ3nTYhFT3UX1bKY5Q==",
      "cpu": [
        "x64"
      ],
      "hasInstallScript": true,
      "license": "MIT",
      "optional": true,
      "os": [
        "darwin"
      ],
      "engines": {
        "node": ">=16"
      }
    },
    "node_modules/@embedded-postgres/linux-arm": {
      "version": "18.4.0-beta.17",
      "resolved": "https://registry.npmjs.org/@embedded-postgres/linux-arm/-/linux-arm-18.4.0-beta.17.tgz",
      "integrity": "sha512-VuD1nFasN7yG57zpJcp6MBXM0nXqGfb8GBQV+f1FGJ17+VMNYLIFLhFp99UlY4xnWG74FQC4NPYw8eCwSTJ6qg==",
      "cpu": [
        "arm"
      ],
      "hasInstallScript": true,
      "license": "MIT",
      "optional": true,
      "os": [
        "linux"
      ],
      "engines": {
        "node": ">=16"
      }
    },
    "node_modules/@embedded-postgres/linux-arm64": {
      "version": "18.4.0-beta.17",
      "resolved": "https://registry.npmjs.org/@embedded-postgres/linux-arm64/-/linux-arm64-18.4.0-beta.17.tgz",
      "integrity": "sha512-TIzjtGnDGSD/LbdW0OWCEcbI+YVT0WKSfSr20TCkkP4UR8zeKe+QCZbO0/CM4hS9EWyZ4cDebjRvpRc3iMi6wg==",
      "cpu": [
        "arm64"
      ],
      "hasInstallScript": true,
      "license": "MIT",
      "optional": true,
      "os": [
        "linux"
      ],
      "engines": {
        "node": ">=16"
      }
    },
    "node_modules/@embedded-postgres/linux-ia32": {
      "version": "18.4.0-beta.17",
      "resolved": "https://registry.npmjs.org/@embedded-postgres/linux-ia32/-/linux-ia32-18.4.0-beta.17.tgz",
      "integrity": "sha512-aSRe4kknqRHuedtpo/rDIaqa8r9VrKIgW9p5FkJyIFqUUkIkxRqND1dg8xrDRREcSUXRJKS0x+j/AuxflgYIfg==",
      "cpu": [
        "ia32"
      ],
      "hasInstallScript": true,
      "license": "MIT",
      "optional": true,
      "os": [
        "linux"
      ],
      "engines": {
        "node": ">=16"
      }
    },
    "node_modules/@embedded-postgres/linux-ppc64": {
      "version": "18.4.0-beta.17",
      "resolved": "https://registry.npmjs.org/@embedded-postgres/linux-ppc64/-/linux-ppc64-18.4.0-beta.17.tgz",
      "integrity": "sha512-zO2RRUFdKRPplrdhmglG39VXJZzDXu3P3ONAG1sFPhGh89vbk24Btd5P7uOmQLIpWehzL0s+UqUWoeE/ZUKvgw==",
      "cpu": [
        "ppc64"
      ],
      "hasInstallScript": true,
      "license": "MIT",
      "optional": true,
      "os": [
        "linux"
      ],
      "engines": {
        "node": ">=16"
      }
    },
    "node_modules/@embedded-postgres/linux-x64": {
      "version": "18.4.0-beta.17",
      "resolved": "https://registry.npmjs.org/@embedded-postgres/linux-x64/-/linux-x64-18.4.0-beta.17.tgz",
      "integrity": "sha512-jVw/MdDtIX/vICH/DKIe6/mHpiCggdx6QVyza4vt/NbcZFsL0KhwglF6F1Koqx3gRBZ9XtN+vi63EsqSyqOSxA==",
      "cpu": [
        "x64"
      ],
      "hasInstallScript": true,
      "license": "MIT",
      "optional": true,
      "os": [
        "linux"
      ],
      "engines": {
        "node": ">=16"
      }
    },
    "node_modules/@embedded-postgres/windows-x64": {
      "version": "18.4.0-beta.17",
      "resolved": "https://registry.npmjs.org/@embedded-postgres/windows-x64/-/windows-x64-18.4.0-beta.17.tgz",
      "integrity": "sha512-AwRerliA4IGWyW5jWBvHt5vidVUSB0QQW9Tt2y7ScnmifnCb/awfxZr4BkBSTv+gNt8Djcddqs+xSF5Z6/CkTg==",
      "cpu": [
        "x64"
      ],
      "hasInstallScript": true,
      "license": "MIT",
      "optional": true,
      "os": [
        "win32"
      ],
      "engines": {
        "node": ">=16"
      }
    },
    "node_modules/async-exit-hook": {
      "version": "2.0.1",
      "resolved": "https://registry.npmjs.org/async-exit-hook/-/async-exit-hook-2.0.1.tgz",
      "integrity": "sha512-NW2cX8m1Q7KPA7a5M2ULQeZ2wR5qI5PAbw5L0UOMxdioVk9PMZ0h1TmyZEkPYrCvYjDlFICusOu1dlEKAAeXBw==",
      "license": "MIT",
      "engines": {
        "node": ">=0.12.0"
      }
    },
    "node_modules/embedded-postgres": {
      "version": "18.4.0-beta.17",
      "resolved": "https://registry.npmjs.org/embedded-postgres/-/embedded-postgres-18.4.0-beta.17.tgz",
      "integrity": "sha512-ORT/A1YiO6ecpRHpyIIBgyCR/8ASqqYZuFw11aX9PkqTX3FUM5+9sNOXY1mGIixxsm2TWSIA5WghJEk7A5ZxVw==",
      "license": "MIT",
      "dependencies": {
        "async-exit-hook": "^2.0.1",
        "pg": "^8.7.3"
      },
      "engines": {
        "node": ">=16"
      },
      "optionalDependencies": {
        "@embedded-postgres/darwin-arm64": "^18.4.0-beta.17",
        "@embedded-postgres/darwin-x64": "^18.4.0-beta.17",
        "@embedded-postgres/linux-arm": "^18.4.0-beta.17",
        "@embedded-postgres/linux-arm64": "^18.4.0-beta.17",
        "@embedded-postgres/linux-ia32": "^18.4.0-beta.17",
        "@embedded-postgres/linux-ppc64": "^18.4.0-beta.17",
        "@embedded-postgres/linux-x64": "^18.4.0-beta.17",
        "@embedded-postgres/windows-x64": "^18.4.0-beta.17"
      }
    },
    "node_modules/pg": {
      "version": "8.22.0",
      "resolved": "https://registry.npmjs.org/pg/-/pg-8.22.0.tgz",
      "integrity": "sha512-8wih1vVIBMxoUM2oB4soJsD9tDnDpLv4OXBJ+EJzFsvycD+lfyIreC2gGHq78f8jbLLt+bvlPTFdFZfJkOuzAA==",
      "license": "MIT",
      "peer": true,
      "dependencies": {
        "pg-connection-string": "^2.14.0",
        "pg-pool": "^3.14.0",
        "pg-protocol": "^1.15.0",
        "pg-types": "2.2.0",
        "pgpass": "1.0.5"
      },
      "engines": {
        "node": ">= 16.0.0"
      },
      "optionalDependencies": {
        "pg-cloudflare": "^1.4.0"
      },
      "peerDependencies": {
        "pg-native": ">=3.0.1"
      },
      "peerDependenciesMeta": {
        "pg-native": {
          "optional": true
        }
      }
    },
    "node_modules/pg-cloudflare": {
      "version": "1.4.0",
      "resolved": "https://registry.npmjs.org/pg-cloudflare/-/pg-cloudflare-1.4.0.tgz",
      "integrity": "sha512-Vo7z/6rrQYxpNRylp4Tlob2elzbh+N/MOQbxFVWCxS7oEx6jF53GTJFxK2WWpKuBRkmiin4Mt+xofFDjx09R0A==",
      "license": "MIT",
      "optional": true
    },
    "node_modules/pg-connection-string": {
      "version": "2.14.0",
      "resolved": "https://registry.npmjs.org/pg-connection-string/-/pg-connection-string-2.14.0.tgz",
      "integrity": "sha512-XwWDGcLRGCXAR8F/AM5bG7Q+A3Wm2s6QeEjlOKZLlH3UYcguiqCWKyWXVag5TLTIjR7oOJUY8kcADaZgWPyLeg==",
      "license": "MIT"
    },
    "node_modules/pg-int8": {
      "version": "1.0.1",
      "resolved": "https://registry.npmjs.org/pg-int8/-/pg-int8-1.0.1.tgz",
      "integrity": "sha512-WCtabS6t3c8SkpDBUlb1kjOs7l66xsGdKpIPZsg4wR+B3+u9UAum2odSsF9tnvxg80h4ZxLWMy4pRjOsFIqQpw==",
      "license": "ISC",
      "engines": {
        "node": ">=4.0.0"
      }
    },
    "node_modules/pg-pool": {
      "version": "3.14.0",
      "resolved": "https://registry.npmjs.org/pg-pool/-/pg-pool-3.14.0.tgz",
      "integrity": "sha512-gKtPkFdQPU3DksooVLi9LsjZxrsBUZIpa+7aVx+LV5pNh0KzP4Zleud2po+ConrxbuXGBJ6Hfer6hdgpIBpBaw==",
      "license": "MIT",
      "peerDependencies": {
        "pg": ">=8.0"
      }
    },
    "node_modules/pg-protocol": {
      "version": "1.15.0",
      "resolved": "https://registry.npmjs.org/pg-protocol/-/pg-protocol-1.15.0.tgz",
      "integrity": "sha512-cq9sECI5s0+uPUXjbz8ioyPJni6RzsRib0US67i5IoTZKw8fNeYlVE7u8F4dG7vEJJtc5wdD1K189lCCUwqWTQ==",
      "license": "MIT"
    },
    "node_modules/pg-types": {
      "version": "2.2.0",
      "resolved": "https://registry.npmjs.org/pg-types/-/pg-types-2.2.0.tgz",
      "integrity": "sha512-qTAAlrEsl8s4OiEQY69wDvcMIdQN6wdz5ojQiOy6YRMuynxenON0O5oCpJI6lshc6scgAY8qvJ2On/p+CXY0GA==",
      "license": "MIT",
      "dependencies": {
        "pg-int8": "1.0.1",
        "postgres-array": "~2.0.0",
        "postgres-bytea": "~1.0.0",
        "postgres-date": "~1.0.4",
        "postgres-interval": "^1.1.0"
      },
      "engines": {
        "node": ">=4"
      }
    },
    "node_modules/pgpass": {
      "version": "1.0.5",
      "resolved": "https://registry.npmjs.org/pgpass/-/pgpass-1.0.5.tgz",
      "integrity": "sha512-FdW9r/jQZhSeohs1Z3sI1yxFQNFvMcnmfuj4WBMUTxOrAyLMaTcE1aAMBiTlbMNaXvBCQuVi0R7hd8udDSP7ug==",
      "license": "MIT",
      "dependencies": {
        "split2": "^4.1.0"
      }
    },
    "node_modules/postgres-array": {
      "version": "2.0.0",
      "resolved": "https://registry.npmjs.org/postgres-array/-/postgres-array-2.0.0.tgz",
      "integrity": "sha512-VpZrUqU5A69eQyW2c5CA1jtLecCsN2U/bD6VilrFDWq5+5UIEVO7nazS3TEcHf1zuPYO/sqGvUvW62g86RXZuA==",
      "license": "MIT",
      "engines": {
        "node": ">=4"
      }
    },
    "node_modules/postgres-bytea": {
      "version": "1.0.1",
      "resolved": "https://registry.npmjs.org/postgres-bytea/-/postgres-bytea-1.0.1.tgz",
      "integrity": "sha512-5+5HqXnsZPE65IJZSMkZtURARZelel2oXUEO8rH83VS/hxH5vv1uHquPg5wZs8yMAfdv971IU+kcPUczi7NVBQ==",
      "license": "MIT",
      "engines": {
        "node": ">=0.10.0"
      }
    },
    "node_modules/postgres-date": {
      "version": "1.0.7",
      "resolved": "https://registry.npmjs.org/postgres-date/-/postgres-date-1.0.7.tgz",
      "integrity": "sha512-suDmjLVQg78nMK2UZ454hAG+OAW+HQPZ6n++TNDUX+L0+uUlLywnoxJKDou51Zm+zTCjrCl0Nq6J9C5hP9vK/Q==",
      "license": "MIT",
      "engines": {
        "node": ">=0.10.0"
      }
    },
    "node_modules/postgres-interval": {
      "version": "1.2.0",
      "resolved": "https://registry.npmjs.org/postgres-interval/-/postgres-interval-1.2.0.tgz",
      "integrity": "sha512-9ZhXKM/rw350N1ovuWHbGxnGh/SNJ4cnxHiM0rxE4VN41wsg8P8zWn9hv/buK00RP4WvlOyr/RBDiptyxVbkZQ==",
      "license": "MIT",
      "dependencies": {
        "xtend": "^4.0.0"
      },
      "engines": {
        "node": ">=0.10.0"
      }
    },
    "node_modules/split2": {
      "version": "4.2.0",
      "resolved": "https://registry.npmjs.org/split2/-/split2-4.2.0.tgz",
      "integrity": "sha512-UcjcJOWknrNkF6PLX83qcHM6KHgVKNkV62Y8a5uYDVv9ydGQVwAHMKqHdJje1VTWpljG0WYpCDhrCdAOYH4TWg==",
      "license": "ISC",
      "engines": {
        "node": ">= 10.x"
      }
    },
    "node_modules/xtend": {
      "version": "4.0.2",
      "resolved": "https://registry.npmjs.org/xtend/-/xtend-4.0.2.tgz",
      "integrity": "sha512-LKYU1iAXJXUgAXn9URjiu+MWhyUXHsvfp7mcuYm9dSUKK0/CjtrUwFAxD82/mCWbtLsGjFIad0wIsod4zrTAEQ==",
      "license": "MIT",
      "engines": {
        "node": ">=0.4"
      }
    }
  }
}
